<?xml version="1.0" encoding="utf-8"?>
<Project ToolsVersion="4.0" xmlns="http://schemas.microsoft.com/developer/msbuild/2003">
  <ItemGroup>
    <Filter Include="Sqwack">
      <UniqueIdentifier>{CFECBAD1-BB8E-E5A7-A449-F9FB908A6CF8}</UniqueIdentifier>
    </Filter>
    <Filter Include="Sqwack\src">
      <UniqueIdentifier>{667A0EDC-5232-5029-BB39-2985A710EB19}</UniqueIdentifier>
    </Filter>
    <Filter Include="Sqwack\src\Sqwack">
      <UniqueIdentifier>{1F1BC96D-8B31-C703-D4A8-522540FE978B}</UniqueIdentifier>
    </Filter>
    <Filter Include="Sqwack\src\Sqwack\Core">
      <UniqueIdentifier>{D70A7BBA-C304-A40C-AC71-3A1D980A0A79}</UniqueIdentifier>
    </Filter>
  </ItemGroup>
</Project>