<?xml version="1.0" encoding="utf-8"?>
<Project ToolsVersion="4.0" xmlns="http://schemas.microsoft.com/developer/msbuild/2003">
  <ItemGroup>
    <Filter Include="Platform">
      <UniqueIdentifier>{2AC788B4-1694-E3BF-3FAD-D1672BD9184E}</UniqueIdentifier>
    </Filter>
    <Filter Include="Platform\D3D12">
      <UniqueIdentifier>{97155E93-83E3-5199-6C77-C2BF58E42DFE}</UniqueIdentifier>
    </Filter>
    <Filter Include="Platform\Windows">
      <UniqueIdentifier>{64FBD71A-50F4-F66C-7926-DCF1657ED678}</UniqueIdentifier>
    </Filter>
    <Filter Include="Sqwack">
      <UniqueIdentifier>{CFECBAD1-BB8E-E5A7-A449-F9FB908A6CF8}</UniqueIdentifier>
    </Filter>
    <Filter Include="Sqwack\Core">
      <UniqueIdentifier>{876AC35D-F31F-3C53-7C14-362AE8C83257}</UniqueIdentifier>
    </Filter>
    <Filter Include="Sqwack\Renderer">
      <UniqueIdentifier>{5509DBDB-C194-48A0-CAA5-CB9436B0A4A0}</UniqueIdentifier>
    </Filter>
  </ItemGroup>
  <ItemGroup>
    <ClInclude Include="Sqwack\src\Platform\D3D12\D3D12Headers.h">
      <Filter>Platform\D3D12</Filter>
    </ClInclude>
    <ClInclude Include="Sqwack\src\Platform\D3D12\D3D12RendererAPI.h">
      <Filter>Platform\D3D12</Filter>
    </ClInclude>
    <ClInclude Include="Sqwack\src\Platform\Windows\Win32Headers.h">
      <Filter>Platform\Windows</Filter>
    </ClInclude>
    <ClInclude Include="Sqwack\src\Platform\Windows\Win32Utils.h">
      <Filter>Platform\Windows</Filter>
    </ClInclude>
    <ClInclude Include="Sqwack\src\Platform\Windows\Win32Window.h">
      <Filter>Platform\Windows</Filter>
    </ClInclude>
    <ClInclude Include="Sqwack\src\Sqwack.h" />
    <ClInclude Include="Sqwack\src\Sqwack\Core\App.h">
      <Filter>Sqwack\Core</Filter>
    </ClInclude>
    <ClInclude Include="Sqwack\src\Sqwack\Core\Core.h">
      <Filter>Sqwack\Core</Filter>
    </ClInclude>
    <ClInclude Include="Sqwack\src\Sqwack\Core\EntryPoint.h">
      <Filter>Sqwack\Core</Filter>
    </ClInclude>
    <ClInclude Include="Sqwack\src\Sqwack\Core\Window.h">
      <Filter>Sqwack\Core</Filter>
    </ClInclude>
    <ClInclude Include="Sqwack\src\Sqwack\Renderer\GraphicalContext.h">
      <Filter>Sqwack\Renderer</Filter>
    </ClInclude>
    <ClInclude Include="Sqwack\src\Sqwack\Renderer\Renderer.h">
      <Filter>Sqwack\Renderer</Filter>
    </ClInclude>
    <ClInclude Include="Sqwack\src\Sqwack\Renderer\RendererAPI.h">
      <Filter>Sqwack\Renderer</Filter>
    </ClInclude>
    <ClInclude Include="Sqwack\src\pch.h" />
    <ClInclude Include="Sqwack\src\Platform\D3D12\D3D12Context.h" />
    <ClInclude Include="Sqwack\src\Sqwack\Core\Assert.h" />
    <ClInclude Include="Sqwack\src\Platform\D3D12\D3D12LogAssertion.h" />
    <ClInclude Include="Sqwack\vendor\DirectX12\d3dx12.h" />
  </ItemGroup>
  <ItemGroup>
    <ClCompile Include="Sqwack\src\Platform\Windows\Win32Window.cpp">
      <Filter>Platform\Windows</Filter>
    </ClCompile>
    <ClCompile Include="Sqwack\src\Sqwack\Core\App.cpp">
      <Filter>Sqwack\Core</Filter>
    </ClCompile>
    <ClCompile Include="Sqwack\src\pch.cpp" />
    <ClCompile Include="Sqwack\src\Platform\D3D12\D3D12LogAssertion.cpp" />
    <ClCompile Include="Sqwack\src\Platform\D3D12\D3D12Context.cpp" />
  </ItemGroup>
  <ItemGroup>
    <None Include="cpp.hint" />
  </ItemGroup>
</Project>